<Solution>
  <Project Path="tests/ModFileBuilder.Checks/ModFileBuilder.Checks.csproj" />
  <Project Path="src/ModFileBuilder.Core/ModFileBuilder.Core.csproj" />
  <Project Path="src/ModFileBuilder.Web/ModFileBuilder.Web.csproj" />
  <Project Path="src/ModFileBuilder.Windows/ModFileBuilder.Windows.csproj" />
</Solution>
